
Microsoft Visual Studio Solution File, Format Version 12.00
# Visual Studio Version 16
VisualStudioVersion = 16.0.30711.63
MinimumVisualStudioVersion = 10.0.40219.1
Project("{FAE04EC0-301F-11D3-BF4B-00C04F79EFBC}") = "YazilimSinamaFinalProje", "YazilimSinamaFinalProje.csproj", "{703D22B3-AC52-4521-B5E3-693FD08E3E5F}"
EndProject
Project("{FAE04EC0-301F-11D3-BF4B-00C04F79EFBC}") = "WhiteBoxTest", "WhiteBoxTest\WhiteBoxTest.csproj", "{69760189-9718-45D0-8FF3-AC20327CC175}"
EndProject
Global
	GlobalSection(SolutionConfigurationPlatforms) = preSolution
		Debug|Any CPU = Debug|Any CPU
		Release|Any CPU = Release|Any CPU
	EndGlobalSection
	GlobalSection(ProjectConfigurationPlatforms) = postSolution
		{703D22B3-AC52-4521-B5E3-693FD08E3E5F}.Debug|Any CPU.ActiveCfg = Debug|Any CPU
		{703D22B3-AC52-4521-B5E3-693FD08E3E5F}.Debug|Any CPU.Build.0 = Debug|Any CPU
		{703D22B3-AC52-4521-B5E3-693FD08E3E5F}.Release|Any CPU.ActiveCfg = Release|Any CPU
		{703D22B3-AC52-4521-B5E3-693FD08E3E5F}.Release|Any CPU.Build.0 = Release|Any CPU
		{69760189-9718-45D0-8FF3-AC20327CC175}.Debug|Any CPU.ActiveCfg = Debug|Any CPU
		{69760189-9718-45D0-8FF3-AC20327CC175}.Debug|Any CPU.Build.0 = Debug|Any CPU
		{69760189-9718-45D0-8FF3-AC20327CC175}.Release|Any CPU.ActiveCfg = Release|Any CPU
		{69760189-9718-45D0-8FF3-AC20327CC175}.Release|Any CPU.Build.0 = Release|Any CPU
	EndGlobalSection
	GlobalSection(SolutionProperties) = preSolution
		HideSolutionNode = FALSE
	EndGlobalSection
	GlobalSection(ExtensibilityGlobals) = postSolution
		SolutionGuid = {D68B6D1D-1316-4832-A11A-8539FC740DC5}
	EndGlobalSection
EndGlobal
